
Microsoft Visual Studio Solution File, Format Version 12.00
# Visual Studio Version 16
VisualStudioVersion = 16.0.29020.237
MinimumVisualStudioVersion = 10.0.40219.1
Project("{9A19103F-16F7-4668-BE54-9A1E7A4F7556}") = "TDG.STS.IdentityServer.Domain", "src\TDG.STS.IdentityServer.Domain\TDG.STS.IdentityServer.Domain.csproj", "{554AD327-6DBA-4F8F-96F8-81CE7A0C863F}"
EndProject
Project("{9A19103F-16F7-4668-BE54-9A1E7A4F7556}") = "TDG.STS.IdentityServer.Application", "src\TDG.STS.IdentityServer.Application\TDG.STS.IdentityServer.Application.csproj", "{1A94A50E-06DC-43C1-80B5-B662820EC3EB}"
EndProject
Project("{9A19103F-16F7-4668-BE54-9A1E7A4F7556}") = "TDG.STS.IdentityServer.EntityFrameworkCore", "src\TDG.STS.IdentityServer.EntityFrameworkCore\TDG.STS.IdentityServer.EntityFrameworkCore.csproj", "{C956DD76-69C8-4A9C-83EA-D17DF83340FD}"
EndProject
Project("{9A19103F-16F7-4668-BE54-9A1E7A4F7556}") = "TDG.STS.IdentityServer.Web", "src\TDG.STS.IdentityServer.Web\TDG.STS.IdentityServer.Web.csproj", "{068855E8-9240-4F1A-910B-CF825794513B}"
EndProject
Project("{2150E333-8FDC-42A3-9474-1A3956D46DE8}") = "src", "src", "{CA9AC87F-097E-4F15-8393-4BC07735A5B0}"
EndProject
Project("{2150E333-8FDC-42A3-9474-1A3956D46DE8}") = "test", "test", "{04DBDB01-70F4-4E06-B468-8F87850B22BE}"
EndProject
Project("{9A19103F-16F7-4668-BE54-9A1E7A4F7556}") = "TDG.STS.IdentityServer.Application.Tests", "test\TDG.STS.IdentityServer.Application.Tests\TDG.STS.IdentityServer.Application.Tests.csproj", "{50B2631D-129C-47B3-A587-029CCD6099BC}"
EndProject
Project("{9A19103F-16F7-4668-BE54-9A1E7A4F7556}") = "TDG.STS.IdentityServer.Web.Tests", "test\TDG.STS.IdentityServer.Web.Tests\TDG.STS.IdentityServer.Web.Tests.csproj", "{5F1B28C6-8D0C-4155-92D0-252F7EA5F674}"
EndProject
Project("{9A19103F-16F7-4668-BE54-9A1E7A4F7556}") = "TDG.STS.IdentityServer.EntityFrameworkCore.DbMigrations", "src\TDG.STS.IdentityServer.EntityFrameworkCore.DbMigrations\TDG.STS.IdentityServer.EntityFrameworkCore.DbMigrations.csproj", "{0372FA84-C517-4EB3-9A9F-B9ACAC0CA5E0}"
EndProject
Project("{9A19103F-16F7-4668-BE54-9A1E7A4F7556}") = "TDG.STS.IdentityServer.Domain.Shared", "src\TDG.STS.IdentityServer.Domain.Shared\TDG.STS.IdentityServer.Domain.Shared.csproj", "{42F719ED-8413-4895-B5B4-5AB56079BC66}"
EndProject
Project("{9A19103F-16F7-4668-BE54-9A1E7A4F7556}") = "TDG.STS.IdentityServer.Application.Contracts", "src\TDG.STS.IdentityServer.Application.Contracts\TDG.STS.IdentityServer.Application.Contracts.csproj", "{520659C8-C734-4298-A3DA-B539DB9DFC0B}"
EndProject
Project("{9A19103F-16F7-4668-BE54-9A1E7A4F7556}") = "TDG.STS.IdentityServer.HttpApi", "src\TDG.STS.IdentityServer.HttpApi\TDG.STS.IdentityServer.HttpApi.csproj", "{4164BDF7-F527-4E85-9CE6-E3C2D7426A27}"
EndProject
Project("{9A19103F-16F7-4668-BE54-9A1E7A4F7556}") = "TDG.STS.IdentityServer.HttpApi.Client", "src\TDG.STS.IdentityServer.HttpApi.Client\TDG.STS.IdentityServer.HttpApi.Client.csproj", "{3B5A0094-670D-4BB1-BFDD-61B88A8773DC}"
EndProject
Project("{9A19103F-16F7-4668-BE54-9A1E7A4F7556}") = "TDG.STS.IdentityServer.EntityFrameworkCore.Tests", "test\TDG.STS.IdentityServer.EntityFrameworkCore.Tests\TDG.STS.IdentityServer.EntityFrameworkCore.Tests.csproj", "{1FE30EB9-74A9-47F5-A9F6-7B1FAB672D81}"
EndProject
Project("{9A19103F-16F7-4668-BE54-9A1E7A4F7556}") = "TDG.STS.IdentityServer.TestBase", "test\TDG.STS.IdentityServer.TestBase\TDG.STS.IdentityServer.TestBase.csproj", "{91853F21-9CD9-4132-BC29-A7D5D84FFFE7}"
EndProject
Project("{9A19103F-16F7-4668-BE54-9A1E7A4F7556}") = "TDG.STS.IdentityServer.Domain.Tests", "test\TDG.STS.IdentityServer.Domain.Tests\TDG.STS.IdentityServer.Domain.Tests.csproj", "{E512F4D9-9375-480F-A2F6-A46509F9D824}"
EndProject
Project("{9A19103F-16F7-4668-BE54-9A1E7A4F7556}") = "TDG.STS.IdentityServer.HttpApi.Client.ConsoleTestApp", "test\TDG.STS.IdentityServer.HttpApi.Client.ConsoleTestApp\TDG.STS.IdentityServer.HttpApi.Client.ConsoleTestApp.csproj", "{EF480016-9127-4916-8735-D2466BDBC582}"
EndProject
Project("{9A19103F-16F7-4668-BE54-9A1E7A4F7556}") = "TDG.STS.IdentityServer.DbMigrator", "src\TDG.STS.IdentityServer.DbMigrator\TDG.STS.IdentityServer.DbMigrator.csproj", "{AA94D832-1CCC-4715-95A9-A483F23A1A5D}"
EndProject
Project("{2150E333-8FDC-42A3-9474-1A3956D46DE8}") = "theme", "theme", "{D4BF58BC-40B2-44F0-9E84-BB36B8B81701}"
EndProject
Project("{9A19103F-16F7-4668-BE54-9A1E7A4F7556}") = "Abp.AspNetCore.Mvc.UI.Theme.AdminLTE", "..\themes\Abp.AspNetCore.Mvc.UI.Theme.AdminLTE\Abp.AspNetCore.Mvc.UI.Theme.AdminLTE.csproj", "{9EFBC7BE-823D-457F-9761-35E968BE3B6F}"
EndProject
Project("{2150E333-8FDC-42A3-9474-1A3956D46DE8}") = "modules", "modules", "{6923BF7B-A3B2-41B5-825C-0D395053E50C}"
EndProject
Project("{2150E333-8FDC-42A3-9474-1A3956D46DE8}") = "document-management", "document-management", "{2B8DAAEF-D9E6-4AE2-9C84-B3F534293C1B}"
EndProject
Project("{9A19103F-16F7-4668-BE54-9A1E7A4F7556}") = "DocumentManagement.Web", "modules\document-management\src\DocumentManagement.Web\DocumentManagement.Web.csproj", "{A7C03D9C-97B1-4EA0-BDD0-88C434B7553E}"
EndProject
Project("{9A19103F-16F7-4668-BE54-9A1E7A4F7556}") = "DocumentManagement.MongoDB", "modules\document-management\src\DocumentManagement.MongoDB\DocumentManagement.MongoDB.csproj", "{81F3F0F8-1449-4E27-A359-4A38672F1E4F}"
EndProject
Project("{9A19103F-16F7-4668-BE54-9A1E7A4F7556}") = "DocumentManagement.HttpApi.Client", "modules\document-management\src\DocumentManagement.HttpApi.Client\DocumentManagement.HttpApi.Client.csproj", "{C8485EB6-C7BC-4CD4-89FF-7B9A80929A60}"
EndProject
Project("{9A19103F-16F7-4668-BE54-9A1E7A4F7556}") = "DocumentManagement.HttpApi", "modules\document-management\src\DocumentManagement.HttpApi\DocumentManagement.HttpApi.csproj", "{CC652125-8309-48C4-9A1A-8D9619EAD1E4}"
EndProject
Project("{9A19103F-16F7-4668-BE54-9A1E7A4F7556}") = "DocumentManagement.EntityFrameworkCore", "modules\document-management\src\DocumentManagement.EntityFrameworkCore\DocumentManagement.EntityFrameworkCore.csproj", "{0C38909B-665D-4B46-82DF-836A576B2D76}"
EndProject
Project("{9A19103F-16F7-4668-BE54-9A1E7A4F7556}") = "DocumentManagement.Domain.Shared", "modules\document-management\src\DocumentManagement.Domain.Shared\DocumentManagement.Domain.Shared.csproj", "{DA3C7EC8-EA59-4CC7-A3D5-EB1E441A08DF}"
EndProject
Project("{9A19103F-16F7-4668-BE54-9A1E7A4F7556}") = "DocumentManagement.Domain", "modules\document-management\src\DocumentManagement.Domain\DocumentManagement.Domain.csproj", "{3CE569B7-8F5C-409F-90A4-EE0C88886C88}"
EndProject
Project("{9A19103F-16F7-4668-BE54-9A1E7A4F7556}") = "DocumentManagement.Application.Contracts", "modules\document-management\src\DocumentManagement.Application.Contracts\DocumentManagement.Application.Contracts.csproj", "{C1AAC36C-ED46-48D1-8A38-57AD75B9D8B4}"
EndProject
Project("{9A19103F-16F7-4668-BE54-9A1E7A4F7556}") = "DocumentManagement.Application", "modules\document-management\src\DocumentManagement.Application\DocumentManagement.Application.csproj", "{17A1109A-1506-4DE6-AE84-032D93C48915}"
EndProject
Project("{2150E333-8FDC-42A3-9474-1A3956D46DE8}") = "master-data", "master-data", "{1CB39AF2-6803-4214-A93A-EFFDA6BED3F2}"
EndProject
Project("{9A19103F-16F7-4668-BE54-9A1E7A4F7556}") = "MasterData.Application", "modules\master-data\src\MasterData.Application\MasterData.Application.csproj", "{09F2FFA0-D6AA-49FF-997A-5D9414A7C0EA}"
EndProject
Project("{9A19103F-16F7-4668-BE54-9A1E7A4F7556}") = "MasterData.Application.Contracts", "modules\master-data\src\MasterData.Application.Contracts\MasterData.Application.Contracts.csproj", "{D510C43F-A26E-44F8-B256-FF5DE312692B}"
EndProject
Project("{9A19103F-16F7-4668-BE54-9A1E7A4F7556}") = "MasterData.Blazor", "modules\master-data\src\MasterData.Blazor\MasterData.Blazor.csproj", "{CB8F48E2-03C9-4FA8-BEA8-97A29DA06AED}"
EndProject
Project("{9A19103F-16F7-4668-BE54-9A1E7A4F7556}") = "MasterData.Domain", "modules\master-data\src\MasterData.Domain\MasterData.Domain.csproj", "{0A59527B-0593-419B-AC90-9735624C888D}"
EndProject
Project("{9A19103F-16F7-4668-BE54-9A1E7A4F7556}") = "MasterData.Domain.Shared", "modules\master-data\src\MasterData.Domain.Shared\MasterData.Domain.Shared.csproj", "{6861CAC6-1952-465A-9C2A-8FCE89C7683F}"
EndProject
Project("{9A19103F-16F7-4668-BE54-9A1E7A4F7556}") = "MasterData.EntityFrameworkCore", "modules\master-data\src\MasterData.EntityFrameworkCore\MasterData.EntityFrameworkCore.csproj", "{425DCD5E-D8E4-4A7B-95F9-9ABA3E3B2D87}"
EndProject
Project("{9A19103F-16F7-4668-BE54-9A1E7A4F7556}") = "MasterData.HttpApi", "modules\master-data\src\MasterData.HttpApi\MasterData.HttpApi.csproj", "{4D0D106D-B324-4EBB-84AD-BC84E1DB2C79}"
EndProject
Project("{9A19103F-16F7-4668-BE54-9A1E7A4F7556}") = "MasterData.HttpApi.Client", "modules\master-data\src\MasterData.HttpApi.Client\MasterData.HttpApi.Client.csproj", "{0924EADD-35DA-41DF-B1FB-FCD526FE25CC}"
EndProject
Project("{9A19103F-16F7-4668-BE54-9A1E7A4F7556}") = "MasterData.MongoDB", "modules\master-data\src\MasterData.MongoDB\MasterData.MongoDB.csproj", "{23FADC11-77C2-47A2-82F4-6C71847A4D36}"
EndProject
Project("{9A19103F-16F7-4668-BE54-9A1E7A4F7556}") = "MasterData.Web", "modules\master-data\src\MasterData.Web\MasterData.Web.csproj", "{ADF785A8-1E99-40AA-ADA2-D6F3741603F8}"
EndProject
Global
	GlobalSection(SolutionConfigurationPlatforms) = preSolution
		Debug|Any CPU = Debug|Any CPU
		Release|Any CPU = Release|Any CPU
	EndGlobalSection
	GlobalSection(ProjectConfigurationPlatforms) = postSolution
		{554AD327-6DBA-4F8F-96F8-81CE7A0C863F}.Debug|Any CPU.ActiveCfg = Debug|Any CPU
		{554AD327-6DBA-4F8F-96F8-81CE7A0C863F}.Debug|Any CPU.Build.0 = Debug|Any CPU
		{554AD327-6DBA-4F8F-96F8-81CE7A0C863F}.Release|Any CPU.ActiveCfg = Release|Any CPU
		{554AD327-6DBA-4F8F-96F8-81CE7A0C863F}.Release|Any CPU.Build.0 = Release|Any CPU
		{1A94A50E-06DC-43C1-80B5-B662820EC3EB}.Debug|Any CPU.ActiveCfg = Debug|Any CPU
		{1A94A50E-06DC-43C1-80B5-B662820EC3EB}.Debug|Any CPU.Build.0 = Debug|Any CPU
		{1A94A50E-06DC-43C1-80B5-B662820EC3EB}.Release|Any CPU.ActiveCfg = Release|Any CPU
		{1A94A50E-06DC-43C1-80B5-B662820EC3EB}.Release|Any CPU.Build.0 = Release|Any CPU
		{C956DD76-69C8-4A9C-83EA-D17DF83340FD}.Debug|Any CPU.ActiveCfg = Debug|Any CPU
		{C956DD76-69C8-4A9C-83EA-D17DF83340FD}.Debug|Any CPU.Build.0 = Debug|Any CPU
		{C956DD76-69C8-4A9C-83EA-D17DF83340FD}.Release|Any CPU.ActiveCfg = Release|Any CPU
		{C956DD76-69C8-4A9C-83EA-D17DF83340FD}.Release|Any CPU.Build.0 = Release|Any CPU
		{068855E8-9240-4F1A-910B-CF825794513B}.Debug|Any CPU.ActiveCfg = Debug|Any CPU
		{068855E8-9240-4F1A-910B-CF825794513B}.Debug|Any CPU.Build.0 = Debug|Any CPU
		{068855E8-9240-4F1A-910B-CF825794513B}.Release|Any CPU.ActiveCfg = Release|Any CPU
		{068855E8-9240-4F1A-910B-CF825794513B}.Release|Any CPU.Build.0 = Release|Any CPU
		{50B2631D-129C-47B3-A587-029CCD6099BC}.Debug|Any CPU.ActiveCfg = Debug|Any CPU
		{50B2631D-129C-47B3-A587-029CCD6099BC}.Debug|Any CPU.Build.0 = Debug|Any CPU
		{50B2631D-129C-47B3-A587-029CCD6099BC}.Release|Any CPU.ActiveCfg = Release|Any CPU
		{50B2631D-129C-47B3-A587-029CCD6099BC}.Release|Any CPU.Build.0 = Release|Any CPU
		{5F1B28C6-8D0C-4155-92D0-252F7EA5F674}.Debug|Any CPU.ActiveCfg = Debug|Any CPU
		{5F1B28C6-8D0C-4155-92D0-252F7EA5F674}.Debug|Any CPU.Build.0 = Debug|Any CPU
		{5F1B28C6-8D0C-4155-92D0-252F7EA5F674}.Release|Any CPU.ActiveCfg = Release|Any CPU
		{5F1B28C6-8D0C-4155-92D0-252F7EA5F674}.Release|Any CPU.Build.0 = Release|Any CPU
		{0372FA84-C517-4EB3-9A9F-B9ACAC0CA5E0}.Debug|Any CPU.ActiveCfg = Debug|Any CPU
		{0372FA84-C517-4EB3-9A9F-B9ACAC0CA5E0}.Debug|Any CPU.Build.0 = Debug|Any CPU
		{0372FA84-C517-4EB3-9A9F-B9ACAC0CA5E0}.Release|Any CPU.ActiveCfg = Release|Any CPU
		{0372FA84-C517-4EB3-9A9F-B9ACAC0CA5E0}.Release|Any CPU.Build.0 = Release|Any CPU
		{42F719ED-8413-4895-B5B4-5AB56079BC66}.Debug|Any CPU.ActiveCfg = Debug|Any CPU
		{42F719ED-8413-4895-B5B4-5AB56079BC66}.Debug|Any CPU.Build.0 = Debug|Any CPU
		{42F719ED-8413-4895-B5B4-5AB56079BC66}.Release|Any CPU.ActiveCfg = Release|Any CPU
		{42F719ED-8413-4895-B5B4-5AB56079BC66}.Release|Any CPU.Build.0 = Release|Any CPU
		{520659C8-C734-4298-A3DA-B539DB9DFC0B}.Debug|Any CPU.ActiveCfg = Debug|Any CPU
		{520659C8-C734-4298-A3DA-B539DB9DFC0B}.Debug|Any CPU.Build.0 = Debug|Any CPU
		{520659C8-C734-4298-A3DA-B539DB9DFC0B}.Release|Any CPU.ActiveCfg = Release|Any CPU
		{520659C8-C734-4298-A3DA-B539DB9DFC0B}.Release|Any CPU.Build.0 = Release|Any CPU
		{4164BDF7-F527-4E85-9CE6-E3C2D7426A27}.Debug|Any CPU.ActiveCfg = Debug|Any CPU
		{4164BDF7-F527-4E85-9CE6-E3C2D7426A27}.Debug|Any CPU.Build.0 = Debug|Any CPU
		{4164BDF7-F527-4E85-9CE6-E3C2D7426A27}.Release|Any CPU.ActiveCfg = Release|Any CPU
		{4164BDF7-F527-4E85-9CE6-E3C2D7426A27}.Release|Any CPU.Build.0 = Release|Any CPU
		{3B5A0094-670D-4BB1-BFDD-61B88A8773DC}.Debug|Any CPU.ActiveCfg = Debug|Any CPU
		{3B5A0094-670D-4BB1-BFDD-61B88A8773DC}.Debug|Any CPU.Build.0 = Debug|Any CPU
		{3B5A0094-670D-4BB1-BFDD-61B88A8773DC}.Release|Any CPU.ActiveCfg = Release|Any CPU
		{3B5A0094-670D-4BB1-BFDD-61B88A8773DC}.Release|Any CPU.Build.0 = Release|Any CPU
		{1FE30EB9-74A9-47F5-A9F6-7B1FAB672D81}.Debug|Any CPU.ActiveCfg = Debug|Any CPU
		{1FE30EB9-74A9-47F5-A9F6-7B1FAB672D81}.Debug|Any CPU.Build.0 = Debug|Any CPU
		{1FE30EB9-74A9-47F5-A9F6-7B1FAB672D81}.Release|Any CPU.ActiveCfg = Release|Any CPU
		{1FE30EB9-74A9-47F5-A9F6-7B1FAB672D81}.Release|Any CPU.Build.0 = Release|Any CPU
		{91853F21-9CD9-4132-BC29-A7D5D84FFFE7}.Debug|Any CPU.ActiveCfg = Debug|Any CPU
		{91853F21-9CD9-4132-BC29-A7D5D84FFFE7}.Debug|Any CPU.Build.0 = Debug|Any CPU
		{91853F21-9CD9-4132-BC29-A7D5D84FFFE7}.Release|Any CPU.ActiveCfg = Release|Any CPU
		{91853F21-9CD9-4132-BC29-A7D5D84FFFE7}.Release|Any CPU.Build.0 = Release|Any CPU
		{E512F4D9-9375-480F-A2F6-A46509F9D824}.Debug|Any CPU.ActiveCfg = Debug|Any CPU
		{E512F4D9-9375-480F-A2F6-A46509F9D824}.Debug|Any CPU.Build.0 = Debug|Any CPU
		{E512F4D9-9375-480F-A2F6-A46509F9D824}.Release|Any CPU.ActiveCfg = Release|Any CPU
		{E512F4D9-9375-480F-A2F6-A46509F9D824}.Release|Any CPU.Build.0 = Release|Any CPU
		{EF480016-9127-4916-8735-D2466BDBC582}.Debug|Any CPU.ActiveCfg = Debug|Any CPU
		{EF480016-9127-4916-8735-D2466BDBC582}.Debug|Any CPU.Build.0 = Debug|Any CPU
		{EF480016-9127-4916-8735-D2466BDBC582}.Release|Any CPU.ActiveCfg = Release|Any CPU
		{EF480016-9127-4916-8735-D2466BDBC582}.Release|Any CPU.Build.0 = Release|Any CPU
		{AA94D832-1CCC-4715-95A9-A483F23A1A5D}.Debug|Any CPU.ActiveCfg = Debug|Any CPU
		{AA94D832-1CCC-4715-95A9-A483F23A1A5D}.Debug|Any CPU.Build.0 = Debug|Any CPU
		{AA94D832-1CCC-4715-95A9-A483F23A1A5D}.Release|Any CPU.ActiveCfg = Release|Any CPU
		{AA94D832-1CCC-4715-95A9-A483F23A1A5D}.Release|Any CPU.Build.0 = Release|Any CPU
		{9EFBC7BE-823D-457F-9761-35E968BE3B6F}.Debug|Any CPU.ActiveCfg = Debug|Any CPU
		{9EFBC7BE-823D-457F-9761-35E968BE3B6F}.Debug|Any CPU.Build.0 = Debug|Any CPU
		{9EFBC7BE-823D-457F-9761-35E968BE3B6F}.Release|Any CPU.ActiveCfg = Release|Any CPU
		{9EFBC7BE-823D-457F-9761-35E968BE3B6F}.Release|Any CPU.Build.0 = Release|Any CPU
		{A7C03D9C-97B1-4EA0-BDD0-88C434B7553E}.Debug|Any CPU.ActiveCfg = Debug|Any CPU
		{A7C03D9C-97B1-4EA0-BDD0-88C434B7553E}.Debug|Any CPU.Build.0 = Debug|Any CPU
		{A7C03D9C-97B1-4EA0-BDD0-88C434B7553E}.Release|Any CPU.ActiveCfg = Release|Any CPU
		{A7C03D9C-97B1-4EA0-BDD0-88C434B7553E}.Release|Any CPU.Build.0 = Release|Any CPU
		{81F3F0F8-1449-4E27-A359-4A38672F1E4F}.Debug|Any CPU.ActiveCfg = Debug|Any CPU
		{81F3F0F8-1449-4E27-A359-4A38672F1E4F}.Debug|Any CPU.Build.0 = Debug|Any CPU
		{81F3F0F8-1449-4E27-A359-4A38672F1E4F}.Release|Any CPU.ActiveCfg = Release|Any CPU
		{81F3F0F8-1449-4E27-A359-4A38672F1E4F}.Release|Any CPU.Build.0 = Release|Any CPU
		{C8485EB6-C7BC-4CD4-89FF-7B9A80929A60}.Debug|Any CPU.ActiveCfg = Debug|Any CPU
		{C8485EB6-C7BC-4CD4-89FF-7B9A80929A60}.Debug|Any CPU.Build.0 = Debug|Any CPU
		{C8485EB6-C7BC-4CD4-89FF-7B9A80929A60}.Release|Any CPU.ActiveCfg = Release|Any CPU
		{C8485EB6-C7BC-4CD4-89FF-7B9A80929A60}.Release|Any CPU.Build.0 = Release|Any CPU
		{CC652125-8309-48C4-9A1A-8D9619EAD1E4}.Debug|Any CPU.ActiveCfg = Debug|Any CPU
		{CC652125-8309-48C4-9A1A-8D9619EAD1E4}.Debug|Any CPU.Build.0 = Debug|Any CPU
		{CC652125-8309-48C4-9A1A-8D9619EAD1E4}.Release|Any CPU.ActiveCfg = Release|Any CPU
		{CC652125-8309-48C4-9A1A-8D9619EAD1E4}.Release|Any CPU.Build.0 = Release|Any CPU
		{0C38909B-665D-4B46-82DF-836A576B2D76}.Debug|Any CPU.ActiveCfg = Debug|Any CPU
		{0C38909B-665D-4B46-82DF-836A576B2D76}.Debug|Any CPU.Build.0 = Debug|Any CPU
		{0C38909B-665D-4B46-82DF-836A576B2D76}.Release|Any CPU.ActiveCfg = Release|Any CPU
		{0C38909B-665D-4B46-82DF-836A576B2D76}.Release|Any CPU.Build.0 = Release|Any CPU
		{DA3C7EC8-EA59-4CC7-A3D5-EB1E441A08DF}.Debug|Any CPU.ActiveCfg = Debug|Any CPU
		{DA3C7EC8-EA59-4CC7-A3D5-EB1E441A08DF}.Debug|Any CPU.Build.0 = Debug|Any CPU
		{DA3C7EC8-EA59-4CC7-A3D5-EB1E441A08DF}.Release|Any CPU.ActiveCfg = Release|Any CPU
		{DA3C7EC8-EA59-4CC7-A3D5-EB1E441A08DF}.Release|Any CPU.Build.0 = Release|Any CPU
		{3CE569B7-8F5C-409F-90A4-EE0C88886C88}.Debug|Any CPU.ActiveCfg = Debug|Any CPU
		{3CE569B7-8F5C-409F-90A4-EE0C88886C88}.Debug|Any CPU.Build.0 = Debug|Any CPU
		{3CE569B7-8F5C-409F-90A4-EE0C88886C88}.Release|Any CPU.ActiveCfg = Release|Any CPU
		{3CE569B7-8F5C-409F-90A4-EE0C88886C88}.Release|Any CPU.Build.0 = Release|Any CPU
		{C1AAC36C-ED46-48D1-8A38-57AD75B9D8B4}.Debug|Any CPU.ActiveCfg = Debug|Any CPU
		{C1AAC36C-ED46-48D1-8A38-57AD75B9D8B4}.Debug|Any CPU.Build.0 = Debug|Any CPU
		{C1AAC36C-ED46-48D1-8A38-57AD75B9D8B4}.Release|Any CPU.ActiveCfg = Release|Any CPU
		{C1AAC36C-ED46-48D1-8A38-57AD75B9D8B4}.Release|Any CPU.Build.0 = Release|Any CPU
		{17A1109A-1506-4DE6-AE84-032D93C48915}.Debug|Any CPU.ActiveCfg = Debug|Any CPU
		{17A1109A-1506-4DE6-AE84-032D93C48915}.Debug|Any CPU.Build.0 = Debug|Any CPU
		{17A1109A-1506-4DE6-AE84-032D93C48915}.Release|Any CPU.ActiveCfg = Release|Any CPU
		{17A1109A-1506-4DE6-AE84-032D93C48915}.Release|Any CPU.Build.0 = Release|Any CPU
		{09F2FFA0-D6AA-49FF-997A-5D9414A7C0EA}.Debug|Any CPU.ActiveCfg = Debug|Any CPU
		{09F2FFA0-D6AA-49FF-997A-5D9414A7C0EA}.Debug|Any CPU.Build.0 = Debug|Any CPU
		{09F2FFA0-D6AA-49FF-997A-5D9414A7C0EA}.Release|Any CPU.ActiveCfg = Release|Any CPU
		{09F2FFA0-D6AA-49FF-997A-5D9414A7C0EA}.Release|Any CPU.Build.0 = Release|Any CPU
		{D510C43F-A26E-44F8-B256-FF5DE312692B}.Debug|Any CPU.ActiveCfg = Debug|Any CPU
		{D510C43F-A26E-44F8-B256-FF5DE312692B}.Debug|Any CPU.Build.0 = Debug|Any CPU
		{D510C43F-A26E-44F8-B256-FF5DE312692B}.Release|Any CPU.ActiveCfg = Release|Any CPU
		{D510C43F-A26E-44F8-B256-FF5DE312692B}.Release|Any CPU.Build.0 = Release|Any CPU
		{CB8F48E2-03C9-4FA8-BEA8-97A29DA06AED}.Debug|Any CPU.ActiveCfg = Debug|Any CPU
		{CB8F48E2-03C9-4FA8-BEA8-97A29DA06AED}.Debug|Any CPU.Build.0 = Debug|Any CPU
		{CB8F48E2-03C9-4FA8-BEA8-97A29DA06AED}.Release|Any CPU.ActiveCfg = Release|Any CPU
		{CB8F48E2-03C9-4FA8-BEA8-97A29DA06AED}.Release|Any CPU.Build.0 = Release|Any CPU
		{0A59527B-0593-419B-AC90-9735624C888D}.Debug|Any CPU.ActiveCfg = Debug|Any CPU
		{0A59527B-0593-419B-AC90-9735624C888D}.Debug|Any CPU.Build.0 = Debug|Any CPU
		{0A59527B-0593-419B-AC90-9735624C888D}.Release|Any CPU.ActiveCfg = Release|Any CPU
		{0A59527B-0593-419B-AC90-9735624C888D}.Release|Any CPU.Build.0 = Release|Any CPU
		{6861CAC6-1952-465A-9C2A-8FCE89C7683F}.Debug|Any CPU.ActiveCfg = Debug|Any CPU
		{6861CAC6-1952-465A-9C2A-8FCE89C7683F}.Debug|Any CPU.Build.0 = Debug|Any CPU
		{6861CAC6-1952-465A-9C2A-8FCE89C7683F}.Release|Any CPU.ActiveCfg = Release|Any CPU
		{6861CAC6-1952-465A-9C2A-8FCE89C7683F}.Release|Any CPU.Build.0 = Release|Any CPU
		{425DCD5E-D8E4-4A7B-95F9-9ABA3E3B2D87}.Debug|Any CPU.ActiveCfg = Debug|Any CPU
		{425DCD5E-D8E4-4A7B-95F9-9ABA3E3B2D87}.Debug|Any CPU.Build.0 = Debug|Any CPU
		{425DCD5E-D8E4-4A7B-95F9-9ABA3E3B2D87}.Release|Any CPU.ActiveCfg = Release|Any CPU
		{425DCD5E-D8E4-4A7B-95F9-9ABA3E3B2D87}.Release|Any CPU.Build.0 = Release|Any CPU
		{4D0D106D-B324-4EBB-84AD-BC84E1DB2C79}.Debug|Any CPU.ActiveCfg = Debug|Any CPU
		{4D0D106D-B324-4EBB-84AD-BC84E1DB2C79}.Debug|Any CPU.Build.0 = Debug|Any CPU
		{4D0D106D-B324-4EBB-84AD-BC84E1DB2C79}.Release|Any CPU.ActiveCfg = Release|Any CPU
		{4D0D106D-B324-4EBB-84AD-BC84E1DB2C79}.Release|Any CPU.Build.0 = Release|Any CPU
		{0924EADD-35DA-41DF-B1FB-FCD526FE25CC}.Debug|Any CPU.ActiveCfg = Debug|Any CPU
		{0924EADD-35DA-41DF-B1FB-FCD526FE25CC}.Debug|Any CPU.Build.0 = Debug|Any CPU
		{0924EADD-35DA-41DF-B1FB-FCD526FE25CC}.Release|Any CPU.ActiveCfg = Release|Any CPU
		{0924EADD-35DA-41DF-B1FB-FCD526FE25CC}.Release|Any CPU.Build.0 = Release|Any CPU
		{23FADC11-77C2-47A2-82F4-6C71847A4D36}.Debug|Any CPU.ActiveCfg = Debug|Any CPU
		{23FADC11-77C2-47A2-82F4-6C71847A4D36}.Debug|Any CPU.Build.0 = Debug|Any CPU
		{23FADC11-77C2-47A2-82F4-6C71847A4D36}.Release|Any CPU.ActiveCfg = Release|Any CPU
		{23FADC11-77C2-47A2-82F4-6C71847A4D36}.Release|Any CPU.Build.0 = Release|Any CPU
		{ADF785A8-1E99-40AA-ADA2-D6F3741603F8}.Debug|Any CPU.ActiveCfg = Debug|Any CPU
		{ADF785A8-1E99-40AA-ADA2-D6F3741603F8}.Debug|Any CPU.Build.0 = Debug|Any CPU
		{ADF785A8-1E99-40AA-ADA2-D6F3741603F8}.Release|Any CPU.ActiveCfg = Release|Any CPU
		{ADF785A8-1E99-40AA-ADA2-D6F3741603F8}.Release|Any CPU.Build.0 = Release|Any CPU
	EndGlobalSection
	GlobalSection(SolutionProperties) = preSolution
		HideSolutionNode = FALSE
	EndGlobalSection
	GlobalSection(NestedProjects) = preSolution
		{554AD327-6DBA-4F8F-96F8-81CE7A0C863F} = {CA9AC87F-097E-4F15-8393-4BC07735A5B0}
		{1A94A50E-06DC-43C1-80B5-B662820EC3EB} = {CA9AC87F-097E-4F15-8393-4BC07735A5B0}
		{C956DD76-69C8-4A9C-83EA-D17DF83340FD} = {CA9AC87F-097E-4F15-8393-4BC07735A5B0}
		{068855E8-9240-4F1A-910B-CF825794513B} = {CA9AC87F-097E-4F15-8393-4BC07735A5B0}
		{50B2631D-129C-47B3-A587-029CCD6099BC} = {04DBDB01-70F4-4E06-B468-8F87850B22BE}
		{5F1B28C6-8D0C-4155-92D0-252F7EA5F674} = {04DBDB01-70F4-4E06-B468-8F87850B22BE}
		{0372FA84-C517-4EB3-9A9F-B9ACAC0CA5E0} = {CA9AC87F-097E-4F15-8393-4BC07735A5B0}
		{42F719ED-8413-4895-B5B4-5AB56079BC66} = {CA9AC87F-097E-4F15-8393-4BC07735A5B0}
		{520659C8-C734-4298-A3DA-B539DB9DFC0B} = {CA9AC87F-097E-4F15-8393-4BC07735A5B0}
		{4164BDF7-F527-4E85-9CE6-E3C2D7426A27} = {CA9AC87F-097E-4F15-8393-4BC07735A5B0}
		{3B5A0094-670D-4BB1-BFDD-61B88A8773DC} = {CA9AC87F-097E-4F15-8393-4BC07735A5B0}
		{1FE30EB9-74A9-47F5-A9F6-7B1FAB672D81} = {04DBDB01-70F4-4E06-B468-8F87850B22BE}
		{91853F21-9CD9-4132-BC29-A7D5D84FFFE7} = {04DBDB01-70F4-4E06-B468-8F87850B22BE}
		{E512F4D9-9375-480F-A2F6-A46509F9D824} = {04DBDB01-70F4-4E06-B468-8F87850B22BE}
		{EF480016-9127-4916-8735-D2466BDBC582} = {04DBDB01-70F4-4E06-B468-8F87850B22BE}
		{AA94D832-1CCC-4715-95A9-A483F23A1A5D} = {CA9AC87F-097E-4F15-8393-4BC07735A5B0}
		{9EFBC7BE-823D-457F-9761-35E968BE3B6F} = {D4BF58BC-40B2-44F0-9E84-BB36B8B81701}
		{2B8DAAEF-D9E6-4AE2-9C84-B3F534293C1B} = {6923BF7B-A3B2-41B5-825C-0D395053E50C}
		{A7C03D9C-97B1-4EA0-BDD0-88C434B7553E} = {2B8DAAEF-D9E6-4AE2-9C84-B3F534293C1B}
		{81F3F0F8-1449-4E27-A359-4A38672F1E4F} = {2B8DAAEF-D9E6-4AE2-9C84-B3F534293C1B}
		{C8485EB6-C7BC-4CD4-89FF-7B9A80929A60} = {2B8DAAEF-D9E6-4AE2-9C84-B3F534293C1B}
		{CC652125-8309-48C4-9A1A-8D9619EAD1E4} = {2B8DAAEF-D9E6-4AE2-9C84-B3F534293C1B}
		{0C38909B-665D-4B46-82DF-836A576B2D76} = {2B8DAAEF-D9E6-4AE2-9C84-B3F534293C1B}
		{DA3C7EC8-EA59-4CC7-A3D5-EB1E441A08DF} = {2B8DAAEF-D9E6-4AE2-9C84-B3F534293C1B}
		{3CE569B7-8F5C-409F-90A4-EE0C88886C88} = {2B8DAAEF-D9E6-4AE2-9C84-B3F534293C1B}
		{C1AAC36C-ED46-48D1-8A38-57AD75B9D8B4} = {2B8DAAEF-D9E6-4AE2-9C84-B3F534293C1B}
		{17A1109A-1506-4DE6-AE84-032D93C48915} = {2B8DAAEF-D9E6-4AE2-9C84-B3F534293C1B}
		{1CB39AF2-6803-4214-A93A-EFFDA6BED3F2} = {6923BF7B-A3B2-41B5-825C-0D395053E50C}
		{09F2FFA0-D6AA-49FF-997A-5D9414A7C0EA} = {1CB39AF2-6803-4214-A93A-EFFDA6BED3F2}
		{D510C43F-A26E-44F8-B256-FF5DE312692B} = {1CB39AF2-6803-4214-A93A-EFFDA6BED3F2}
		{CB8F48E2-03C9-4FA8-BEA8-97A29DA06AED} = {1CB39AF2-6803-4214-A93A-EFFDA6BED3F2}
		{0A59527B-0593-419B-AC90-9735624C888D} = {1CB39AF2-6803-4214-A93A-EFFDA6BED3F2}
		{6861CAC6-1952-465A-9C2A-8FCE89C7683F} = {1CB39AF2-6803-4214-A93A-EFFDA6BED3F2}
		{425DCD5E-D8E4-4A7B-95F9-9ABA3E3B2D87} = {1CB39AF2-6803-4214-A93A-EFFDA6BED3F2}
		{4D0D106D-B324-4EBB-84AD-BC84E1DB2C79} = {1CB39AF2-6803-4214-A93A-EFFDA6BED3F2}
		{0924EADD-35DA-41DF-B1FB-FCD526FE25CC} = {1CB39AF2-6803-4214-A93A-EFFDA6BED3F2}
		{23FADC11-77C2-47A2-82F4-6C71847A4D36} = {1CB39AF2-6803-4214-A93A-EFFDA6BED3F2}
		{ADF785A8-1E99-40AA-ADA2-D6F3741603F8} = {1CB39AF2-6803-4214-A93A-EFFDA6BED3F2}
	EndGlobalSection
	GlobalSection(ExtensibilityGlobals) = postSolution
		SolutionGuid = {28315BFD-90E7-4E14-A2EA-F3D23AF4126F}
	EndGlobalSection
EndGlobal
